
Microsoft Visual Studio Solution File, Format Version 12.00
# Visual Studio 14
VisualStudioVersion = 14.0.25123.0
MinimumVisualStudioVersion = 10.0.40219.1
Project("{F2A71F9B-5D33-465A-A702-920D77279786}") = "StockEstimator.Logic", "StockEstimator.Logic\StockEstimator.Logic.fsproj", "{F255F413-25DA-44C6-92F2-6481CC8065EB}"
EndProject
Project("{FAE04EC0-301F-11D3-BF4B-00C04F79EFBC}") = "StockEstimator.ConsoleApp", "StockEstimator.ConsoleApp\StockEstimator.ConsoleApp.csproj", "{0D188E86-8A3A-4A6B-AE8A-F141BF690971}"
EndProject
Project("{F2A71F9B-5D33-465A-A702-920D77279786}") = "StockEstimator.Charts", "StockEstimator.Charts\StockEstimator.Charts.fsproj", "{88B5BBCC-7E70-4D94-901E-DBD5839DDDF3}"
EndProject
Project("{F2A71F9B-5D33-465A-A702-920D77279786}") = "StockEstimator.Tests", "StockEstimator.Tests\StockEstimator.Tests.fsproj", "{24D58CF7-73C8-4968-B637-AF238FEE2C57}"
EndProject
Project("{F2A71F9B-5D33-465A-A702-920D77279786}") = "StockEstimator.WebApi", "StockEstimator.WebApi\StockEstimator.WebApi.fsproj", "{ED9AC7A7-62E3-4BF8-97B9-E76CDD3D6EAE}"
EndProject
Project("{8BB2217D-0F2D-49D1-97BC-3654ED321F3B}") = "StockEstimator.WebUI", "StockEstimator.WebUI\StockEstimator.WebUI.xproj", "{69668F2F-980C-4259-B158-D0196C7555D6}"
EndProject
Global
	GlobalSection(SolutionConfigurationPlatforms) = preSolution
		Debug|Any CPU = Debug|Any CPU
		Release|Any CPU = Release|Any CPU
	EndGlobalSection
	GlobalSection(ProjectConfigurationPlatforms) = postSolution
		{F255F413-25DA-44C6-92F2-6481CC8065EB}.Debug|Any CPU.ActiveCfg = Debug|Any CPU
		{F255F413-25DA-44C6-92F2-6481CC8065EB}.Debug|Any CPU.Build.0 = Debug|Any CPU
		{F255F413-25DA-44C6-92F2-6481CC8065EB}.Release|Any CPU.ActiveCfg = Release|Any CPU
		{F255F413-25DA-44C6-92F2-6481CC8065EB}.Release|Any CPU.Build.0 = Release|Any CPU
		{0D188E86-8A3A-4A6B-AE8A-F141BF690971}.Debug|Any CPU.ActiveCfg = Debug|Any CPU
		{0D188E86-8A3A-4A6B-AE8A-F141BF690971}.Debug|Any CPU.Build.0 = Debug|Any CPU
		{0D188E86-8A3A-4A6B-AE8A-F141BF690971}.Release|Any CPU.ActiveCfg = Release|Any CPU
		{0D188E86-8A3A-4A6B-AE8A-F141BF690971}.Release|Any CPU.Build.0 = Release|Any CPU
		{88B5BBCC-7E70-4D94-901E-DBD5839DDDF3}.Debug|Any CPU.ActiveCfg = Debug|Any CPU
		{88B5BBCC-7E70-4D94-901E-DBD5839DDDF3}.Debug|Any CPU.Build.0 = Debug|Any CPU
		{88B5BBCC-7E70-4D94-901E-DBD5839DDDF3}.Release|Any CPU.ActiveCfg = Release|Any CPU
		{88B5BBCC-7E70-4D94-901E-DBD5839DDDF3}.Release|Any CPU.Build.0 = Release|Any CPU
		{24D58CF7-73C8-4968-B637-AF238FEE2C57}.Debug|Any CPU.ActiveCfg = Debug|Any CPU
		{24D58CF7-73C8-4968-B637-AF238FEE2C57}.Debug|Any CPU.Build.0 = Debug|Any CPU
		{24D58CF7-73C8-4968-B637-AF238FEE2C57}.Release|Any CPU.ActiveCfg = Release|Any CPU
		{24D58CF7-73C8-4968-B637-AF238FEE2C57}.Release|Any CPU.Build.0 = Release|Any CPU
		{ED9AC7A7-62E3-4BF8-97B9-E76CDD3D6EAE}.Debug|Any CPU.ActiveCfg = Debug|Any CPU
		{ED9AC7A7-62E3-4BF8-97B9-E76CDD3D6EAE}.Debug|Any CPU.Build.0 = Debug|Any CPU
		{ED9AC7A7-62E3-4BF8-97B9-E76CDD3D6EAE}.Release|Any CPU.ActiveCfg = Release|Any CPU
		{ED9AC7A7-62E3-4BF8-97B9-E76CDD3D6EAE}.Release|Any CPU.Build.0 = Release|Any CPU
		{69668F2F-980C-4259-B158-D0196C7555D6}.Debug|Any CPU.ActiveCfg = Debug|Any CPU
		{69668F2F-980C-4259-B158-D0196C7555D6}.Debug|Any CPU.Build.0 = Debug|Any CPU
		{69668F2F-980C-4259-B158-D0196C7555D6}.Release|Any CPU.ActiveCfg = Release|Any CPU
		{69668F2F-980C-4259-B158-D0196C7555D6}.Release|Any CPU.Build.0 = Release|Any CPU
	EndGlobalSection
	GlobalSection(SolutionProperties) = preSolution
		HideSolutionNode = FALSE
	EndGlobalSection
EndGlobal
